
Microsoft Visual Studio Solution File, Format Version 11.00
# Visual Studio 2010
Project("{FAE04EC0-301F-11D3-BF4B-00C04F79EFBC}") = "JScriptApplication", "JScriptApplication\JScriptApplication.csproj", "{03422C25-781B-422D-86F7-0EB154725D36}"
EndProject
Global
	GlobalSection(SolutionConfigurationPlatforms) = preSolution
		Debug|Any CPU = Debug|Any CPU
		Release|Any CPU = Release|Any CPU
	EndGlobalSection
	GlobalSection(ProjectConfigurationPlatforms) = postSolution
		{03422C25-781B-422D-86F7-0EB154725D36}.Debug|Any CPU.ActiveCfg = Debug|Any CPU
		{03422C25-781B-422D-86F7-0EB154725D36}.Debug|Any CPU.Build.0 = Debug|Any CPU
		{03422C25-781B-422D-86F7-0EB154725D36}.Release|Any CPU.ActiveCfg = Release|Any CPU
		{03422C25-781B-422D-86F7-0EB154725D36}.Release|Any CPU.Build.0 = Release|Any CPU
	EndGlobalSection
	GlobalSection(SolutionProperties) = preSolution
		HideSolutionNode = FALSE
	EndGlobalSection
EndGlobal
